
Microsoft Visual Studio Solution File, Format Version 12.00
# Visual Studio Version 16
VisualStudioVersion = 16.0.30114.105
MinimumVisualStudioVersion = 10.0.40219.1
Project("{FAE04EC0-301F-11D3-BF4B-00C04F79EFBC}") = "MoviesServer", "Movies\MoviesServer.csproj", "{74BD5BA2-0035-446B-A585-7D79E0EEBD32}"
EndProject
Global
	GlobalSection(SolutionConfigurationPlatforms) = preSolution
		Debug|Any CPU = Debug|Any CPU
		Release|Any CPU = Release|Any CPU
	EndGlobalSection
	GlobalSection(ProjectConfigurationPlatforms) = postSolution
		{74BD5BA2-0035-446B-A585-7D79E0EEBD32}.Debug|Any CPU.ActiveCfg = Debug|Any CPU
		{74BD5BA2-0035-446B-A585-7D79E0EEBD32}.Debug|Any CPU.Build.0 = Debug|Any CPU
		{74BD5BA2-0035-446B-A585-7D79E0EEBD32}.Release|Any CPU.ActiveCfg = Release|Any CPU
		{74BD5BA2-0035-446B-A585-7D79E0EEBD32}.Release|Any CPU.Build.0 = Release|Any CPU
	EndGlobalSection
	GlobalSection(SolutionProperties) = preSolution
		HideSolutionNode = FALSE
	EndGlobalSection
	GlobalSection(ExtensibilityGlobals) = postSolution
		SolutionGuid = {B77DEE8F-D5A8-45D8-8D76-AB7BCD4B36FB}
	EndGlobalSection
EndGlobal
